// !$*UTF8*$!
{
	archiveVersion = 1;
	classes = {
	};
	objectVersion = 51;
	objects = {

/* Begin PBXBuildFile section */
		3C00AE7C28B6555600FBD57B /* DeleteСonfirmationViewController.swift in Sources */ = {isa = PBXBuildFile; fileRef = 3C00AE7B28B6555600FBD57B /* DeleteСonfirmationViewController.swift */; };
		3C22696A28B53C8500A89D4B /* Workout+CoreDataClass.swift in Sources */ = {isa = PBXBuildFile; fileRef = 3C22696328B53C8500A89D4B /* Workout+CoreDataClass.swift */; };
		3C22696B28B53C8500A89D4B /* Workout+CoreDataProperties.swift in Sources */ = {isa = PBXBuildFile; fileRef = 3C22696728B53C8500A89D4B /* Workout+CoreDataProperties.swift */; };
		3C22696C28B53C8500A89D4B /* WorkoutSet+CoreDataProperties.swift in Sources */ = {isa = PBXBuildFile; fileRef = 3C22696628B53C8500A89D4B /* WorkoutSet+CoreDataProperties.swift */; };
		3C22696D28B53C8500A89D4B /* Exercise+CoreDataClass.swift in Sources */ = {isa = PBXBuildFile; fileRef = 3C22696828B53C8500A89D4B /* Exercise+CoreDataClass.swift */; };
		3C22696E28B53C8500A89D4B /* WorkoutSet+CoreDataClass.swift in Sources */ = {isa = PBXBuildFile; fileRef = 3C22696528B53C8500A89D4B /* WorkoutSet+CoreDataClass.swift */; };
		3C22696F28B53C8500A89D4B /* Folder+CoreDataProperties.swift in Sources */ = {isa = PBXBuildFile; fileRef = 3C22696228B53C8400A89D4B /* Folder+CoreDataProperties.swift */; };
		3C22697028B53C8500A89D4B /* Exercise+CoreDataProperties.swift in Sources */ = {isa = PBXBuildFile; fileRef = 3C22696428B53C8500A89D4B /* Exercise+CoreDataProperties.swift */; };
		3C22697128B53C8500A89D4B /* Folder+CoreDataClass.swift in Sources */ = {isa = PBXBuildFile; fileRef = 3C22696928B53C8500A89D4B /* Folder+CoreDataClass.swift */; };
		3C22697528B544BC00A89D4B /* NameSetterViewController.swift in Sources */ = {isa = PBXBuildFile; fileRef = 3C22697428B544BC00A89D4B /* NameSetterViewController.swift */; };
		3C22697928B565BB00A89D4B /* StatisticsViewController.swift in Sources */ = {isa = PBXBuildFile; fileRef = 3C22697828B565BB00A89D4B /* StatisticsViewController.swift */; };
		3C36A18A28B27F05000289C9 /* SettingsViewController.swift in Sources */ = {isa = PBXBuildFile; fileRef = 3C36A18928B27F05000289C9 /* SettingsViewController.swift */; };
		3C36A18F28B28C05000289C9 /* FolderCell.swift in Sources */ = {isa = PBXBuildFile; fileRef = 3C36A18E28B28C05000289C9 /* FolderCell.swift */; };
		3C36A19328B2A79D000289C9 /* ExercisesViewController.swift in Sources */ = {isa = PBXBuildFile; fileRef = 3C36A19228B2A79D000289C9 /* ExercisesViewController.swift */; };
		3C4E011928AD2E3B0061AACD /* CoreDataManager.swift in Sources */ = {isa = PBXBuildFile; fileRef = 3C4E011828AD2E3B0061AACD /* CoreDataManager.swift */; };
		3C636C6B28AD6E8300EA28C6 /* FoldersViewController.swift in Sources */ = {isa = PBXBuildFile; fileRef = 3C636C6A28AD6E8300EA28C6 /* FoldersViewController.swift */; };
		3C636C6E28AD716800EA28C6 /* EditSetsViewController.swift in Sources */ = {isa = PBXBuildFile; fileRef = 3C636C6D28AD716800EA28C6 /* EditSetsViewController.swift */; };
		3C7D507D28AA80C300EBEAE5 /* WorkoutCell.swift in Sources */ = {isa = PBXBuildFile; fileRef = 3C7D507C28AA80C300EBEAE5 /* WorkoutCell.swift */; };
		3C7D508028AA868900EBEAE5 /* SetCell.swift in Sources */ = {isa = PBXBuildFile; fileRef = 3C7D507F28AA868900EBEAE5 /* SetCell.swift */; };
		3C882CE928A9778400EF4638 /* AppDelegate.swift in Sources */ = {isa = PBXBuildFile; fileRef = 3C882CE828A9778400EF4638 /* AppDelegate.swift */; };
		3C882CEB28A9778400EF4638 /* SceneDelegate.swift in Sources */ = {isa = PBXBuildFile; fileRef = 3C882CEA28A9778400EF4638 /* SceneDelegate.swift */; };
		3C882CED28A9778400EF4638 /* MainViewController.swift in Sources */ = {isa = PBXBuildFile; fileRef = 3C882CEC28A9778400EF4638 /* MainViewController.swift */; };
		3C882CF028A9778400EF4638 /* Main.storyboard in Resources */ = {isa = PBXBuildFile; fileRef = 3C882CEE28A9778400EF4638 /* Main.storyboard */; };
		3C882CF328A9778400EF4638 /* GymLog.xcdatamodeld in Sources */ = {isa = PBXBuildFile; fileRef = 3C882CF128A9778400EF4638 /* GymLog.xcdatamodeld */; };
		3C882CF528A9778F00EF4638 /* Assets.xcassets in Resources */ = {isa = PBXBuildFile; fileRef = 3C882CF428A9778F00EF4638 /* Assets.xcassets */; };
		3C882CF828A9778F00EF4638 /* LaunchScreen.storyboard in Resources */ = {isa = PBXBuildFile; fileRef = 3C882CF628A9778F00EF4638 /* LaunchScreen.storyboard */; };
		C4244CA4E5FFA77D78C68C7D /* Pods_GymLog.framework in Frameworks */ = {isa = PBXBuildFile; fileRef = 9D2615F914F98A408BC38B20 /* Pods_GymLog.framework */; };
/* End PBXBuildFile section */

/* Begin PBXFileReference section */
		08F15E43A87910CCF5F04C87 /* Pods-GymLog.release.xcconfig */ = {isa = PBXFileReference; includeInIndex = 1; lastKnownFileType = text.xcconfig; name = "Pods-GymLog.release.xcconfig"; path = "Target Support Files/Pods-GymLog/Pods-GymLog.release.xcconfig"; sourceTree = "<group>"; };
		2A007E4F7D04C805BC477E55 /* Pods-GymLog.debug.xcconfig */ = {isa = PBXFileReference; includeInIndex = 1; lastKnownFileType = text.xcconfig; name = "Pods-GymLog.debug.xcconfig"; path = "Target Support Files/Pods-GymLog/Pods-GymLog.debug.xcconfig"; sourceTree = "<group>"; };
		3C00AE7B28B6555600FBD57B /* DeleteСonfirmationViewController.swift */ = {isa = PBXFileReference; lastKnownFileType = sourcecode.swift; path = "DeleteСonfirmationViewController.swift"; sourceTree = "<group>"; };
		3C22696228B53C8400A89D4B /* Folder+CoreDataProperties.swift */ = {isa = PBXFileReference; lastKnownFileType = sourcecode.swift; name = "Folder+CoreDataProperties.swift"; path = "/Users/vika/Documents/git/GymLog/GymLog/GymLog/Model/Folder+CoreDataProperties.swift"; sourceTree = "<absolute>"; };
		3C22696328B53C8500A89D4B /* Workout+CoreDataClass.swift */ = {isa = PBXFileReference; lastKnownFileType = sourcecode.swift; name = "Workout+CoreDataClass.swift"; path = "/Users/vika/Documents/git/GymLog/GymLog/GymLog/Model/Workout+CoreDataClass.swift"; sourceTree = "<absolute>"; };
		3C22696428B53C8500A89D4B /* Exercise+CoreDataProperties.swift */ = {isa = PBXFileReference; lastKnownFileType = sourcecode.swift; name = "Exercise+CoreDataProperties.swift"; path = "/Users/vika/Documents/git/GymLog/GymLog/GymLog/Model/Exercise+CoreDataProperties.swift"; sourceTree = "<absolute>"; };
		3C22696528B53C8500A89D4B /* WorkoutSet+CoreDataClass.swift */ = {isa = PBXFileReference; lastKnownFileType = sourcecode.swift; name = "WorkoutSet+CoreDataClass.swift"; path = "/Users/vika/Documents/git/GymLog/GymLog/GymLog/Model/WorkoutSet+CoreDataClass.swift"; sourceTree = "<absolute>"; };
		3C22696628B53C8500A89D4B /* WorkoutSet+CoreDataProperties.swift */ = {isa = PBXFileReference; lastKnownFileType = sourcecode.swift; name = "WorkoutSet+CoreDataProperties.swift"; path = "/Users/vika/Documents/git/GymLog/GymLog/GymLog/Model/WorkoutSet+CoreDataProperties.swift"; sourceTree = "<absolute>"; };
		3C22696728B53C8500A89D4B /* Workout+CoreDataProperties.swift */ = {isa = PBXFileReference; lastKnownFileType = sourcecode.swift; name = "Workout+CoreDataProperties.swift"; path = "/Users/vika/Documents/git/GymLog/GymLog/GymLog/Model/Workout+CoreDataProperties.swift"; sourceTree = "<absolute>"; };
		3C22696828B53C8500A89D4B /* Exercise+CoreDataClass.swift */ = {isa = PBXFileReference; lastKnownFileType = sourcecode.swift; name = "Exercise+CoreDataClass.swift"; path = "/Users/vika/Documents/git/GymLog/GymLog/GymLog/Model/Exercise+CoreDataClass.swift"; sourceTree = "<absolute>"; };
		3C22696928B53C8500A89D4B /* Folder+CoreDataClass.swift */ = {isa = PBXFileReference; lastKnownFileType = sourcecode.swift; name = "Folder+CoreDataClass.swift"; path = "/Users/vika/Documents/git/GymLog/GymLog/GymLog/Model/Folder+CoreDataClass.swift"; sourceTree = "<absolute>"; };
		3C22697428B544BC00A89D4B /* NameSetterViewController.swift */ = {isa = PBXFileReference; lastKnownFileType = sourcecode.swift; path = NameSetterViewController.swift; sourceTree = "<group>"; };
		3C22697828B565BB00A89D4B /* StatisticsViewController.swift */ = {isa = PBXFileReference; lastKnownFileType = sourcecode.swift; path = StatisticsViewController.swift; sourceTree = "<group>"; };
		3C36A18928B27F05000289C9 /* SettingsViewController.swift */ = {isa = PBXFileReference; lastKnownFileType = sourcecode.swift; path = SettingsViewController.swift; sourceTree = "<group>"; };
		3C36A18E28B28C05000289C9 /* FolderCell.swift */ = {isa = PBXFileReference; lastKnownFileType = sourcecode.swift; path = FolderCell.swift; sourceTree = "<group>"; };
		3C36A19228B2A79D000289C9 /* ExercisesViewController.swift */ = {isa = PBXFileReference; lastKnownFileType = sourcecode.swift; path = ExercisesViewController.swift; sourceTree = "<group>"; };
		3C4E011828AD2E3B0061AACD /* CoreDataManager.swift */ = {isa = PBXFileReference; lastKnownFileType = sourcecode.swift; path = CoreDataManager.swift; sourceTree = "<group>"; };
		3C636C6A28AD6E8300EA28C6 /* FoldersViewController.swift */ = {isa = PBXFileReference; lastKnownFileType = sourcecode.swift; path = FoldersViewController.swift; sourceTree = "<group>"; };
		3C636C6D28AD716800EA28C6 /* EditSetsViewController.swift */ = {isa = PBXFileReference; lastKnownFileType = sourcecode.swift; path = EditSetsViewController.swift; sourceTree = "<group>"; };
		3C7D507C28AA80C300EBEAE5 /* WorkoutCell.swift */ = {isa = PBXFileReference; lastKnownFileType = sourcecode.swift; path = WorkoutCell.swift; sourceTree = "<group>"; };
		3C7D507F28AA868900EBEAE5 /* SetCell.swift */ = {isa = PBXFileReference; lastKnownFileType = sourcecode.swift; path = SetCell.swift; sourceTree = "<group>"; };
		3C882CE528A9778400EF4638 /* GymLog.app */ = {isa = PBXFileReference; explicitFileType = wrapper.application; includeInIndex = 0; path = GymLog.app; sourceTree = BUILT_PRODUCTS_DIR; };
		3C882CE828A9778400EF4638 /* AppDelegate.swift */ = {isa = PBXFileReference; lastKnownFileType = sourcecode.swift; path = AppDelegate.swift; sourceTree = "<group>"; };
		3C882CEA28A9778400EF4638 /* SceneDelegate.swift */ = {isa = PBXFileReference; lastKnownFileType = sourcecode.swift; path = SceneDelegate.swift; sourceTree = "<group>"; };
		3C882CEC28A9778400EF4638 /* MainViewController.swift */ = {isa = PBXFileReference; lastKnownFileType = sourcecode.swift; path = MainViewController.swift; sourceTree = "<group>"; };
		3C882CEF28A9778400EF4638 /* Base */ = {isa = PBXFileReference; lastKnownFileType = file.storyboard; name = Base; path = Base.lproj/Main.storyboard; sourceTree = "<group>"; };
		3C882CF228A9778400EF4638 /* GymLog.xcdatamodel */ = {isa = PBXFileReference; lastKnownFileType = wrapper.xcdatamodel; path = GymLog.xcdatamodel; sourceTree = "<group>"; };
		3C882CF428A9778F00EF4638 /* Assets.xcassets */ = {isa = PBXFileReference; lastKnownFileType = folder.assetcatalog; path = Assets.xcassets; sourceTree = "<group>"; };
		3C882CF728A9778F00EF4638 /* Base */ = {isa = PBXFileReference; lastKnownFileType = file.storyboard; name = Base; path = Base.lproj/LaunchScreen.storyboard; sourceTree = "<group>"; };
		3C882CF928A9778F00EF4638 /* Info.plist */ = {isa = PBXFileReference; lastKnownFileType = text.plist.xml; path = Info.plist; sourceTree = "<group>"; };
		9D2615F914F98A408BC38B20 /* Pods_GymLog.framework */ = {isa = PBXFileReference; explicitFileType = wrapper.framework; includeInIndex = 0; path = Pods_GymLog.framework; sourceTree = BUILT_PRODUCTS_DIR; };
/* End PBXFileReference section */

/* Begin PBXFrameworksBuildPhase section */
		3C882CE228A9778400EF4638 /* Frameworks */ = {
			isa = PBXFrameworksBuildPhase;
			buildActionMask = 2147483647;
			files = (
				C4244CA4E5FFA77D78C68C7D /* Pods_GymLog.framework in Frameworks */,
			);
			runOnlyForDeploymentPostprocessing = 0;
		};
/* End PBXFrameworksBuildPhase section */

/* Begin PBXGroup section */
		2AA8BB48577D1B76C9F141C8 /* Pods */ = {
			isa = PBXGroup;
			children = (
				2A007E4F7D04C805BC477E55 /* Pods-GymLog.debug.xcconfig */,
				08F15E43A87910CCF5F04C87 /* Pods-GymLog.release.xcconfig */,
			);
			path = Pods;
			sourceTree = "<group>";
		};
		3C36A18D28B2893D000289C9 /* Cell */ = {
			isa = PBXGroup;
			children = (
				3C7D507C28AA80C300EBEAE5 /* WorkoutCell.swift */,
				3C7D507F28AA868900EBEAE5 /* SetCell.swift */,
				3C36A18E28B28C05000289C9 /* FolderCell.swift */,
			);
			path = Cell;
			sourceTree = "<group>";
		};
		3C636C6928AD6E5800EA28C6 /* ViewController */ = {
			isa = PBXGroup;
			children = (
				3C882CEC28A9778400EF4638 /* MainViewController.swift */,
				3C636C6A28AD6E8300EA28C6 /* FoldersViewController.swift */,
				3C36A19228B2A79D000289C9 /* ExercisesViewController.swift */,
				3C36A18928B27F05000289C9 /* SettingsViewController.swift */,
				3C22697428B544BC00A89D4B /* NameSetterViewController.swift */,
				3C00AE7B28B6555600FBD57B /* DeleteСonfirmationViewController.swift */,
				3C22697828B565BB00A89D4B /* StatisticsViewController.swift */,
				3C636C6D28AD716800EA28C6 /* EditSetsViewController.swift */,
			);
			path = ViewController;
			sourceTree = "<group>";
		};
		3C882CDC28A9778400EF4638 = {
			isa = PBXGroup;
			children = (
				3C882CE728A9778400EF4638 /* GymLog */,
				3C882CE628A9778400EF4638 /* Products */,
				2AA8BB48577D1B76C9F141C8 /* Pods */,
				3F9F59DA9BAF0D6FB2C36E0D /* Frameworks */,
			);
			sourceTree = "<group>";
		};
		3C882CE628A9778400EF4638 /* Products */ = {
			isa = PBXGroup;
			children = (
				3C882CE528A9778400EF4638 /* GymLog.app */,
			);
			name = Products;
			sourceTree = "<group>";
		};
		3C882CE728A9778400EF4638 /* GymLog */ = {
			isa = PBXGroup;
			children = (
				3C882D1128A97ECA00EF4638 /* Model */,
				3C636C6928AD6E5800EA28C6 /* ViewController */,
				3C882CE828A9778400EF4638 /* AppDelegate.swift */,
				3C882CEA28A9778400EF4638 /* SceneDelegate.swift */,
				3C882CEE28A9778400EF4638 /* Main.storyboard */,
				3C882CF428A9778F00EF4638 /* Assets.xcassets */,
				3C882CF628A9778F00EF4638 /* LaunchScreen.storyboard */,
				3C882CF928A9778F00EF4638 /* Info.plist */,
				3C882CF128A9778400EF4638 /* GymLog.xcdatamodeld */,
			);
			path = GymLog;
			sourceTree = "<group>";
		};
		3C882D1128A97ECA00EF4638 /* Model */ = {
			isa = PBXGroup;
			children = (
				3C22696928B53C8500A89D4B /* Folder+CoreDataClass.swift */,
				3C22696228B53C8400A89D4B /* Folder+CoreDataProperties.swift */,
				3C22696828B53C8500A89D4B /* Exercise+CoreDataClass.swift */,
				3C22696428B53C8500A89D4B /* Exercise+CoreDataProperties.swift */,
				3C22696528B53C8500A89D4B /* WorkoutSet+CoreDataClass.swift */,
				3C22696628B53C8500A89D4B /* WorkoutSet+CoreDataProperties.swift */,
				3C22696328B53C8500A89D4B /* Workout+CoreDataClass.swift */,
				3C22696728B53C8500A89D4B /* Workout+CoreDataProperties.swift */,
				3C4E011828AD2E3B0061AACD /* CoreDataManager.swift */,
				3C36A18D28B2893D000289C9 /* Cell */,
			);
			path = Model;
			sourceTree = "<group>";
		};
		3F9F59DA9BAF0D6FB2C36E0D /* Frameworks */ = {
			isa = PBXGroup;
			children = (
				9D2615F914F98A408BC38B20 /* Pods_GymLog.framework */,
			);
			name = Frameworks;
			sourceTree = "<group>";
		};
/* End PBXGroup section */

/* Begin PBXNativeTarget section */
		3C882CE428A9778400EF4638 /* GymLog */ = {
			isa = PBXNativeTarget;
			buildConfigurationList = 3C882CFC28A9778F00EF4638 /* Build configuration list for PBXNativeTarget "GymLog" */;
			buildPhases = (
				11B01C5FD0F75A7EE94B4BBF /* [CP] Check Pods Manifest.lock */,
				3C882CE128A9778400EF4638 /* Sources */,
				3C882CE228A9778400EF4638 /* Frameworks */,
				3C882CE328A9778400EF4638 /* Resources */,
				35D597430BDE2973939F5AB8 /* [CP] Embed Pods Frameworks */,
			);
			buildRules = (
			);
			dependencies = (
			);
			name = GymLog;
			productName = GymLog;
			productReference = 3C882CE528A9778400EF4638 /* GymLog.app */;
			productType = "com.apple.product-type.application";
		};
/* End PBXNativeTarget section */

/* Begin PBXProject section */
		3C882CDD28A9778400EF4638 /* Project object */ = {
			isa = PBXProject;
			attributes = {
				LastSwiftUpdateCheck = 1220;
				LastUpgradeCheck = 1220;
				TargetAttributes = {
					3C882CE428A9778400EF4638 = {
						CreatedOnToolsVersion = 12.2;
					};
				};
			};
			buildConfigurationList = 3C882CE028A9778400EF4638 /* Build configuration list for PBXProject "GymLog" */;
			compatibilityVersion = "Xcode 9.3";
			developmentRegion = en;
			hasScannedForEncodings = 0;
			knownRegions = (
				en,
				Base,
			);
			mainGroup = 3C882CDC28A9778400EF4638;
			productRefGroup = 3C882CE628A9778400EF4638 /* Products */;
			projectDirPath = "";
			projectRoot = "";
			targets = (
				3C882CE428A9778400EF4638 /* GymLog */,
			);
		};
/* End PBXProject section */

/* Begin PBXResourcesBuildPhase section */
		3C882CE328A9778400EF4638 /* Resources */ = {
			isa = PBXResourcesBuildPhase;
			buildActionMask = 2147483647;
			files = (
				3C882CF828A9778F00EF4638 /* LaunchScreen.storyboard in Resources */,
				3C882CF528A9778F00EF4638 /* Assets.xcassets in Resources */,
				3C882CF028A9778400EF4638 /* Main.storyboard in Resources */,
			);
			runOnlyForDeploymentPostprocessing = 0;
		};
/* End PBXResourcesBuildPhase section */

/* Begin PBXShellScriptBuildPhase section */
		11B01C5FD0F75A7EE94B4BBF /* [CP] Check Pods Manifest.lock */ = {
			isa = PBXShellScriptBuildPhase;
			buildActionMask = 2147483647;
			files = (
			);
			inputFileListPaths = (
			);
			inputPaths = (
				"${PODS_PODFILE_DIR_PATH}/Podfile.lock",
				"${PODS_ROOT}/Manifest.lock",
			);
			name = "[CP] Check Pods Manifest.lock";
			outputFileListPaths = (
			);
			outputPaths = (
				"$(DERIVED_FILE_DIR)/Pods-GymLog-checkManifestLockResult.txt",
			);
			runOnlyForDeploymentPostprocessing = 0;
			shellPath = /bin/sh;
			shellScript = "diff \"${PODS_PODFILE_DIR_PATH}/Podfile.lock\" \"${PODS_ROOT}/Manifest.lock\" > /dev/null\nif [ $? != 0 ] ; then\n    # print error to STDERR\n    echo \"error: The sandbox is not in sync with the Podfile.lock. Run 'pod install' or update your CocoaPods installation.\" >&2\n    exit 1\nfi\n# This output is used by Xcode 'outputs' to avoid re-running this script phase.\necho \"SUCCESS\" > \"${SCRIPT_OUTPUT_FILE_0}\"\n";
			showEnvVarsInLog = 0;
		};
		35D597430BDE2973939F5AB8 /* [CP] Embed Pods Frameworks */ = {
			isa = PBXShellScriptBuildPhase;
			buildActionMask = 2147483647;
			files = (
			);
			inputFileListPaths = (
				"${PODS_ROOT}/Target Support Files/Pods-GymLog/Pods-GymLog-frameworks-${CONFIGURATION}-input-files.xcfilelist",
			);
			name = "[CP] Embed Pods Frameworks";
			outputFileListPaths = (
				"${PODS_ROOT}/Target Support Files/Pods-GymLog/Pods-GymLog-frameworks-${CONFIGURATION}-output-files.xcfilelist",
			);
			runOnlyForDeploymentPostprocessing = 0;
			shellPath = /bin/sh;
			shellScript = "\"${PODS_ROOT}/Target Support Files/Pods-GymLog/Pods-GymLog-frameworks.sh\"\n";
			showEnvVarsInLog = 0;
		};
/* End PBXShellScriptBuildPhase section */

/* Begin PBXSourcesBuildPhase section */
		3C882CE128A9778400EF4638 /* Sources */ = {
			isa = PBXSourcesBuildPhase;
			buildActionMask = 2147483647;
			files = (
				3C7D508028AA868900EBEAE5 /* SetCell.swift in Sources */,
				3C36A19328B2A79D000289C9 /* ExercisesViewController.swift in Sources */,
				3C22697528B544BC00A89D4B /* NameSetterViewController.swift in Sources */,
				3C7D507D28AA80C300EBEAE5 /* WorkoutCell.swift in Sources */,
				3C22696D28B53C8500A89D4B /* Exercise+CoreDataClass.swift in Sources */,
				3C22697928B565BB00A89D4B /* StatisticsViewController.swift in Sources */,
				3C636C6E28AD716800EA28C6 /* EditSetsViewController.swift in Sources */,
				3C22696B28B53C8500A89D4B /* Workout+CoreDataProperties.swift in Sources */,
				3C36A18A28B27F05000289C9 /* SettingsViewController.swift in Sources */,
				3C22696A28B53C8500A89D4B /* Workout+CoreDataClass.swift in Sources */,
				3C36A18F28B28C05000289C9 /* FolderCell.swift in Sources */,
				3C4E011928AD2E3B0061AACD /* CoreDataManager.swift in Sources */,
				3C882CED28A9778400EF4638 /* MainViewController.swift in Sources */,
				3C636C6B28AD6E8300EA28C6 /* FoldersViewController.swift in Sources */,
				3C882CE928A9778400EF4638 /* AppDelegate.swift in Sources */,
				3C22696F28B53C8500A89D4B /* Folder+CoreDataProperties.swift in Sources */,
				3C882CF328A9778400EF4638 /* GymLog.xcdatamodeld in Sources */,
				3C22696C28B53C8500A89D4B /* WorkoutSet+CoreDataProperties.swift in Sources */,
				3C22697028B53C8500A89D4B /* Exercise+CoreDataProperties.swift in Sources */,
				3C22697128B53C8500A89D4B /* Folder+CoreDataClass.swift in Sources */,
				3C00AE7C28B6555600FBD57B /* DeleteСonfirmationViewController.swift in Sources */,
				3C22696E28B53C8500A89D4B /* WorkoutSet+CoreDataClass.swift in Sources */,
				3C882CEB28A9778400EF4638 /* SceneDelegate.swift in Sources */,
			);
			runOnlyForDeploymentPostprocessing = 0;
		};
/* End PBXSourcesBuildPhase section */

/* Begin PBXVariantGroup section */
		3C882CEE28A9778400EF4638 /* Main.storyboard */ = {
			isa = PBXVariantGroup;
			children = (
				3C882CEF28A9778400EF4638 /* Base */,
			);
			name = Main.storyboard;
			sourceTree = "<group>";
		};
		3C882CF628A9778F00EF4638 /* LaunchScreen.storyboard */ = {
			isa = PBXVariantGroup;
			children = (
				3C882CF728A9778F00EF4638 /* Base */,
			);
			name = LaunchScreen.storyboard;
			sourceTree = "<group>";
		};
/* End PBXVariantGroup section */

/* Begin XCBuildConfiguration section */
		3C882CFA28A9778F00EF4638 /* Debug */ = {
			isa = XCBuildConfiguration;
			buildSettings = {
				ALWAYS_SEARCH_USER_PATHS = NO;
				CLANG_ANALYZER_NONNULL = YES;
				CLANG_ANALYZER_NUMBER_OBJECT_CONVERSION = YES_AGGRESSIVE;
				CLANG_CXX_LANGUAGE_STANDARD = "gnu++14";
				CLANG_CXX_LIBRARY = "libc++";
				CLANG_ENABLE_MODULES = YES;
				CLANG_ENABLE_OBJC_ARC = YES;
				CLANG_ENABLE_OBJC_WEAK = YES;
				CLANG_WARN_BLOCK_CAPTURE_AUTORELEASING = YES;
				CLANG_WARN_BOOL_CONVERSION = YES;
				CLANG_WARN_COMMA = YES;
				CLANG_WARN_CONSTANT_CONVERSION = YES;
				CLANG_WARN_DEPRECATED_OBJC_IMPLEMENTATIONS = YES;
				CLANG_WARN_DIRECT_OBJC_ISA_USAGE = YES_ERROR;
				CLANG_WARN_DOCUMENTATION_COMMENTS = YES;
				CLANG_WARN_EMPTY_BODY = YES;
				CLANG_WARN_ENUM_CONVERSION = YES;
				CLANG_WARN_INFINITE_RECURSION = YES;
				CLANG_WARN_INT_CONVERSION = YES;
				CLANG_WARN_NON_LITERAL_NULL_CONVERSION = YES;
				CLANG_WARN_OBJC_IMPLICIT_RETAIN_SELF = YES;
				CLANG_WARN_OBJC_LITERAL_CONVERSION = YES;
				CLANG_WARN_OBJC_ROOT_CLASS = YES_ERROR;
				CLANG_WARN_QUOTED_INCLUDE_IN_FRAMEWORK_HEADER = YES;
				CLANG_WARN_RANGE_LOOP_ANALYSIS = YES;
				CLANG_WARN_STRICT_PROTOTYPES = YES;
				CLANG_WARN_SUSPICIOUS_MOVE = YES;
				CLANG_WARN_UNGUARDED_AVAILABILITY = YES_AGGRESSIVE;
				CLANG_WARN_UNREACHABLE_CODE = YES;
				CLANG_WARN__DUPLICATE_METHOD_MATCH = YES;
				COPY_PHASE_STRIP = NO;
				DEBUG_INFORMATION_FORMAT = dwarf;
				ENABLE_STRICT_OBJC_MSGSEND = YES;
				ENABLE_TESTABILITY = YES;
				GCC_C_LANGUAGE_STANDARD = gnu11;
				GCC_DYNAMIC_NO_PIC = NO;
				GCC_NO_COMMON_BLOCKS = YES;
				GCC_OPTIMIZATION_LEVEL = 0;
				GCC_PREPROCESSOR_DEFINITIONS = (
					"DEBUG=1",
					"$(inherited)",
				);
				GCC_WARN_64_TO_32_BIT_CONVERSION = YES;
				GCC_WARN_ABOUT_RETURN_TYPE = YES_ERROR;
				GCC_WARN_UNDECLARED_SELECTOR = YES;
				GCC_WARN_UNINITIALIZED_AUTOS = YES_AGGRESSIVE;
				GCC_WARN_UNUSED_FUNCTION = YES;
				GCC_WARN_UNUSED_VARIABLE = YES;
				IPHONEOS_DEPLOYMENT_TARGET = 14.2;
				MTL_ENABLE_DEBUG_INFO = INCLUDE_SOURCE;
				MTL_FAST_MATH = YES;
				ONLY_ACTIVE_ARCH = YES;
				SDKROOT = iphoneos;
				SWIFT_ACTIVE_COMPILATION_CONDITIONS = DEBUG;
				SWIFT_OPTIMIZATION_LEVEL = "-Onone";
			};
			name = Debug;
		};
		3C882CFB28A9778F00EF4638 /* Release */ = {
			isa = XCBuildConfiguration;
			buildSettings = {
				ALWAYS_SEARCH_USER_PATHS = NO;
				CLANG_ANALYZER_NONNULL = YES;
				CLANG_ANALYZER_NUMBER_OBJECT_CONVERSION = YES_AGGRESSIVE;
				CLANG_CXX_LANGUAGE_STANDARD = "gnu++14";
				CLANG_CXX_LIBRARY = "libc++";
				CLANG_ENABLE_MODULES = YES;
				CLANG_ENABLE_OBJC_ARC = YES;
				CLANG_ENABLE_OBJC_WEAK = YES;
				CLANG_WARN_BLOCK_CAPTURE_AUTORELEASING = YES;
				CLANG_WARN_BOOL_CONVERSION = YES;
				CLANG_WARN_COMMA = YES;
				CLANG_WARN_CONSTANT_CONVERSION = YES;
				CLANG_WARN_DEPRECATED_OBJC_IMPLEMENTATIONS = YES;
				CLANG_WARN_DIRECT_OBJC_ISA_USAGE = YES_ERROR;
				CLANG_WARN_DOCUMENTATION_COMMENTS = YES;
				CLANG_WARN_EMPTY_BODY = YES;
				CLANG_WARN_ENUM_CONVERSION = YES;
				CLANG_WARN_INFINITE_RECURSION = YES;
				CLANG_WARN_INT_CONVERSION = YES;
				CLANG_WARN_NON_LITERAL_NULL_CONVERSION = YES;
				CLANG_WARN_OBJC_IMPLICIT_RETAIN_SELF = YES;
				CLANG_WARN_OBJC_LITERAL_CONVERSION = YES;
				CLANG_WARN_OBJC_ROOT_CLASS = YES_ERROR;
				CLANG_WARN_QUOTED_INCLUDE_IN_FRAMEWORK_HEADER = YES;
				CLANG_WARN_RANGE_LOOP_ANALYSIS = YES;
				CLANG_WARN_STRICT_PROTOTYPES = YES;
				CLANG_WARN_SUSPICIOUS_MOVE = YES;
				CLANG_WARN_UNGUARDED_AVAILABILITY = YES_AGGRESSIVE;
				CLANG_WARN_UNREACHABLE_CODE = YES;
				CLANG_WARN__DUPLICATE_METHOD_MATCH = YES;
				COPY_PHASE_STRIP = NO;
				DEBUG_INFORMATION_FORMAT = "dwarf-with-dsym";
				ENABLE_NS_ASSERTIONS = NO;
				ENABLE_STRICT_OBJC_MSGSEND = YES;
				GCC_C_LANGUAGE_STANDARD = gnu11;
				GCC_NO_COMMON_BLOCKS = YES;
				GCC_WARN_64_TO_32_BIT_CONVERSION = YES;
				GCC_WARN_ABOUT_RETURN_TYPE = YES_ERROR;
				GCC_WARN_UNDECLARED_SELECTOR = YES;
				GCC_WARN_UNINITIALIZED_AUTOS = YES_AGGRESSIVE;
				GCC_WARN_UNUSED_FUNCTION = YES;
				GCC_WARN_UNUSED_VARIABLE = YES;
				IPHONEOS_DEPLOYMENT_TARGET = 14.2;
				MTL_ENABLE_DEBUG_INFO = NO;
				MTL_FAST_MATH = YES;
				SDKROOT = iphoneos;
				SWIFT_COMPILATION_MODE = wholemodule;
				SWIFT_OPTIMIZATION_LEVEL = "-O";
				VALIDATE_PRODUCT = YES;
			};
			name = Release;
		};
		3C882CFD28A9778F00EF4638 /* Debug */ = {
			isa = XCBuildConfiguration;
			baseConfigurationReference = 2A007E4F7D04C805BC477E55 /* Pods-GymLog.debug.xcconfig */;
			buildSettings = {
				ASSETCATALOG_COMPILER_APPICON_NAME = AppIcon;
				ASSETCATALOG_COMPILER_GLOBAL_ACCENT_COLOR_NAME = AccentColor;
				CODE_SIGN_STYLE = Automatic;
				DEVELOPMENT_TEAM = VDLM63D4U8;
				INFOPLIST_FILE = GymLog/Info.plist;
				LD_RUNPATH_SEARCH_PATHS = (
					"$(inherited)",
					"@executable_path/Frameworks",
				);
				PRODUCT_BUNDLE_IDENTIFIER = com.GymLog;
				PRODUCT_NAME = "$(TARGET_NAME)";
				SWIFT_VERSION = 5.0;
				TARGETED_DEVICE_FAMILY = "1,2";
			};
			name = Debug;
		};
		3C882CFE28A9778F00EF4638 /* Release */ = {
			isa = XCBuildConfiguration;
			baseConfigurationReference = 08F15E43A87910CCF5F04C87 /* Pods-GymLog.release.xcconfig */;
			buildSettings = {
				ASSETCATALOG_COMPILER_APPICON_NAME = AppIcon;
				ASSETCATALOG_COMPILER_GLOBAL_ACCENT_COLOR_NAME = AccentColor;
				CODE_SIGN_STYLE = Automatic;
				DEVELOPMENT_TEAM = VDLM63D4U8;
				INFOPLIST_FILE = GymLog/Info.plist;
				LD_RUNPATH_SEARCH_PATHS = (
					"$(inherited)",
					"@executable_path/Frameworks",
				);
				PRODUCT_BUNDLE_IDENTIFIER = com.GymLog;
				PRODUCT_NAME = "$(TARGET_NAME)";
				SWIFT_VERSION = 5.0;
				TARGETED_DEVICE_FAMILY = "1,2";
			};
			name = Release;
		};
/* End XCBuildConfiguration section */

/* Begin XCConfigurationList section */
		3C882CE028A9778400EF4638 /* Build configuration list for PBXProject "GymLog" */ = {
			isa = XCConfigurationList;
			buildConfigurations = (
				3C882CFA28A9778F00EF4638 /* Debug */,
				3C882CFB28A9778F00EF4638 /* Release */,
			);
			defaultConfigurationIsVisible = 0;
			defaultConfigurationName = Release;
		};
		3C882CFC28A9778F00EF4638 /* Build configuration list for PBXNativeTarget "GymLog" */ = {
			isa = XCConfigurationList;
			buildConfigurations = (
				3C882CFD28A9778F00EF4638 /* Debug */,
				3C882CFE28A9778F00EF4638 /* Release */,
			);
			defaultConfigurationIsVisible = 0;
			defaultConfigurationName = Release;
		};
/* End XCConfigurationList section */

/* Begin XCVersionGroup section */
		3C882CF128A9778400EF4638 /* GymLog.xcdatamodeld */ = {
			isa = XCVersionGroup;
			children = (
				3C882CF228A9778400EF4638 /* GymLog.xcdatamodel */,
			);
			currentVersion = 3C882CF228A9778400EF4638 /* GymLog.xcdatamodel */;
			path = GymLog.xcdatamodeld;
			sourceTree = "<group>";
			versionGroupType = wrapper.xcdatamodel;
		};
/* End XCVersionGroup section */
	};
	rootObject = 3C882CDD28A9778400EF4638 /* Project object */;
}
